{
  "version": "3",
  "packages": {
    "specifiers": {
      "jsr:@b-fuze/deno-dom": "jsr:@b-fuze/deno-dom@0.1.48",
      "jsr:@b-fuze/deno-dom@^0.1.48": "jsr:@b-fuze/deno-dom@0.1.48",
      "jsr:@hono/hono@^4.6.3": "jsr:@hono/hono@4.6.3"
    },
    "jsr": {
      "@b-fuze/deno-dom@0.1.48": {
        "integrity": "bf5b591aef2e9e9c59adfcbb93a9ecd45bab5b7c8263625beafa5c8f1662e7da"
      },
      "@hono/hono@4.6.3": {
        "integrity": "a1f5a18cd12a0db54755b0461dd5a4e2d93a6f85403073eb710103eacc42daf3"
      }
    }
  },
  "remote": {},
  "workspace": {
    "dependencies": [
      "jsr:@b-fuze/deno-dom@^0.1.48",
      "jsr:@hono/hono@^4.6.3"
    ]
  }
}
